
Microsoft Visual Studio Solution File, Format Version 12.00
# Visual Studio 2013
VisualStudioVersion = 12.0.40629.0
MinimumVisualStudioVersion = 10.0.40219.1
Project("{FAE04EC0-301F-11D3-BF4B-00C04F79EFBC}") = "ASPMVCBoilerplate", "ASPMVCBoilerplate\ASPMVCBoilerplate.csproj", "{5D1E9787-1B75-44BE-B41A-DEFDB66DC56C}"
EndProject
Project("{FAE04EC0-301F-11D3-BF4B-00C04F79EFBC}") = "ASPMVCBoilerplate.Tests", "ASPMVCBoilerplate.Tests\ASPMVCBoilerplate.Tests.csproj", "{BEC75C28-5FFD-4199-BB47-F6FB2AD84510}"
EndProject
Project("{FAE04EC0-301F-11D3-BF4B-00C04F79EFBC}") = "ASPMVCBoilerplate.Entities", "ASPMVCBoilerplate.Entities\ASPMVCBoilerplate.Entities.csproj", "{8B26931B-51AA-4785-A4CE-9C0BC622CADC}"
EndProject
Project("{FAE04EC0-301F-11D3-BF4B-00C04F79EFBC}") = "ASPMVCBoilerplate.Repositories", "ASPMVCBoilerplate.Repositories\ASPMVCBoilerplate.Repositories.csproj", "{60C4DE1D-5F06-4567-A35A-39EC1B0BEBD8}"
EndProject
Project("{FAE04EC0-301F-11D3-BF4B-00C04F79EFBC}") = "ASPMVCBoilerplate.Services", "ASPMVCBoilerplate.Services\ASPMVCBoilerplate.Services.csproj", "{1F3079DE-BDD9-4B62-AABB-1B5E67643BEC}"
EndProject
Global
	GlobalSection(SolutionConfigurationPlatforms) = preSolution
		Debug|Any CPU = Debug|Any CPU
		Release|Any CPU = Release|Any CPU
	EndGlobalSection
	GlobalSection(ProjectConfigurationPlatforms) = postSolution
		{5D1E9787-1B75-44BE-B41A-DEFDB66DC56C}.Debug|Any CPU.ActiveCfg = Debug|Any CPU
		{5D1E9787-1B75-44BE-B41A-DEFDB66DC56C}.Debug|Any CPU.Build.0 = Debug|Any CPU
		{5D1E9787-1B75-44BE-B41A-DEFDB66DC56C}.Release|Any CPU.ActiveCfg = Release|Any CPU
		{5D1E9787-1B75-44BE-B41A-DEFDB66DC56C}.Release|Any CPU.Build.0 = Release|Any CPU
		{BEC75C28-5FFD-4199-BB47-F6FB2AD84510}.Debug|Any CPU.ActiveCfg = Debug|Any CPU
		{BEC75C28-5FFD-4199-BB47-F6FB2AD84510}.Debug|Any CPU.Build.0 = Debug|Any CPU
		{BEC75C28-5FFD-4199-BB47-F6FB2AD84510}.Release|Any CPU.ActiveCfg = Release|Any CPU
		{BEC75C28-5FFD-4199-BB47-F6FB2AD84510}.Release|Any CPU.Build.0 = Release|Any CPU
		{8B26931B-51AA-4785-A4CE-9C0BC622CADC}.Debug|Any CPU.ActiveCfg = Debug|Any CPU
		{8B26931B-51AA-4785-A4CE-9C0BC622CADC}.Debug|Any CPU.Build.0 = Debug|Any CPU
		{8B26931B-51AA-4785-A4CE-9C0BC622CADC}.Release|Any CPU.ActiveCfg = Release|Any CPU
		{8B26931B-51AA-4785-A4CE-9C0BC622CADC}.Release|Any CPU.Build.0 = Release|Any CPU
		{60C4DE1D-5F06-4567-A35A-39EC1B0BEBD8}.Debug|Any CPU.ActiveCfg = Debug|Any CPU
		{60C4DE1D-5F06-4567-A35A-39EC1B0BEBD8}.Debug|Any CPU.Build.0 = Debug|Any CPU
		{60C4DE1D-5F06-4567-A35A-39EC1B0BEBD8}.Release|Any CPU.ActiveCfg = Release|Any CPU
		{60C4DE1D-5F06-4567-A35A-39EC1B0BEBD8}.Release|Any CPU.Build.0 = Release|Any CPU
		{1F3079DE-BDD9-4B62-AABB-1B5E67643BEC}.Debug|Any CPU.ActiveCfg = Debug|Any CPU
		{1F3079DE-BDD9-4B62-AABB-1B5E67643BEC}.Debug|Any CPU.Build.0 = Debug|Any CPU
		{1F3079DE-BDD9-4B62-AABB-1B5E67643BEC}.Release|Any CPU.ActiveCfg = Release|Any CPU
		{1F3079DE-BDD9-4B62-AABB-1B5E67643BEC}.Release|Any CPU.Build.0 = Release|Any CPU
	EndGlobalSection
	GlobalSection(SolutionProperties) = preSolution
		HideSolutionNode = FALSE
	EndGlobalSection
EndGlobal
